
Microsoft Visual Studio Solution File, Format Version 12.00
# Visual Studio Version 16
VisualStudioVersion = 16.0.30907.101
MinimumVisualStudioVersion = 10.0.40219.1
Project("{FAE04EC0-301F-11D3-BF4B-00C04F79EFBC}") = "emailtest", "emailtest\emailtest.csproj", "{6FB41E81-47B3-4B58-96C3-FA70113EBE34}"
EndProject
Global
	GlobalSection(SolutionConfigurationPlatforms) = preSolution
		Debug|Any CPU = Debug|Any CPU
		Release|Any CPU = Release|Any CPU
	EndGlobalSection
	GlobalSection(ProjectConfigurationPlatforms) = postSolution
		{6FB41E81-47B3-4B58-96C3-FA70113EBE34}.Debug|Any CPU.ActiveCfg = Debug|Any CPU
		{6FB41E81-47B3-4B58-96C3-FA70113EBE34}.Debug|Any CPU.Build.0 = Debug|Any CPU
		{6FB41E81-47B3-4B58-96C3-FA70113EBE34}.Release|Any CPU.ActiveCfg = Release|Any CPU
		{6FB41E81-47B3-4B58-96C3-FA70113EBE34}.Release|Any CPU.Build.0 = Release|Any CPU
	EndGlobalSection
	GlobalSection(SolutionProperties) = preSolution
		HideSolutionNode = FALSE
	EndGlobalSection
	GlobalSection(ExtensibilityGlobals) = postSolution
		SolutionGuid = {93A9CE64-CBD0-4F70-B6D5-32AEE7613DA3}
	EndGlobalSection
EndGlobal
